
Microsoft Visual Studio Solution File, Format Version 12.00
# Visual Studio 15
VisualStudioVersion = 15.0.27428.2015
MinimumVisualStudioVersion = 10.0.40219.1
Project("{FAE04EC0-301F-11D3-BF4B-00C04F79EFBC}") = "CarCare.Android", "CarCare.Android\CarCare.Android.csproj", "{FB4D6EFE-E3AD-4F6F-AD61-2D5F1729DA23}"
EndProject
Project("{FAE04EC0-301F-11D3-BF4B-00C04F79EFBC}") = "CarCare.iOS", "CarCare.iOS\CarCare.iOS.csproj", "{5A3C9CAD-2B81-43D2-A854-AEA1C2C313E1}"
EndProject
Project("{9A19103F-16F7-4668-BE54-9A1E7A4F7556}") = "CarCare", "CarCare\CarCare.csproj", "{2D8FA1C8-2CF8-49D1-A200-592F9EAF242B}"
EndProject
Project("{FAE04EC0-301F-11D3-BF4B-00C04F79EFBC}") = "CarCare.UWP", "CarCare.UWP\CarCare.UWP.csproj", "{F36F10DA-8C69-4A8A-A841-E97CC11E9BD9}"
EndProject
Global
	GlobalSection(SolutionConfigurationPlatforms) = preSolution
		Ad-Hoc|Any CPU = Ad-Hoc|Any CPU
		Ad-Hoc|ARM = Ad-Hoc|ARM
		Ad-Hoc|iPhone = Ad-Hoc|iPhone
		Ad-Hoc|iPhoneSimulator = Ad-Hoc|iPhoneSimulator
		Ad-Hoc|x64 = Ad-Hoc|x64
		Ad-Hoc|x86 = Ad-Hoc|x86
		AppStore|Any CPU = AppStore|Any CPU
		AppStore|ARM = AppStore|ARM
		AppStore|iPhone = AppStore|iPhone
		AppStore|iPhoneSimulator = AppStore|iPhoneSimulator
		AppStore|x64 = AppStore|x64
		AppStore|x86 = AppStore|x86
		Debug|Any CPU = Debug|Any CPU
		Debug|ARM = Debug|ARM
		Debug|iPhone = Debug|iPhone
		Debug|iPhoneSimulator = Debug|iPhoneSimulator
		Debug|x64 = Debug|x64
		Debug|x86 = Debug|x86
		Release|Any CPU = Release|Any CPU
		Release|ARM = Release|ARM
		Release|iPhone = Release|iPhone
		Release|iPhoneSimulator = Release|iPhoneSimulator
		Release|x64 = Release|x64
		Release|x86 = Release|x86
	EndGlobalSection
	GlobalSection(ProjectConfigurationPlatforms) = postSolution
		{FB4D6EFE-E3AD-4F6F-AD61-2D5F1729DA23}.Ad-Hoc|Any CPU.ActiveCfg = Release|Any CPU
		{FB4D6EFE-E3AD-4F6F-AD61-2D5F1729DA23}.Ad-Hoc|Any CPU.Build.0 = Release|Any CPU
		{FB4D6EFE-E3AD-4F6F-AD61-2D5F1729DA23}.Ad-Hoc|Any CPU.Deploy.0 = Release|Any CPU
		{FB4D6EFE-E3AD-4F6F-AD61-2D5F1729DA23}.Ad-Hoc|ARM.ActiveCfg = Release|Any CPU
		{FB4D6EFE-E3AD-4F6F-AD61-2D5F1729DA23}.Ad-Hoc|ARM.Build.0 = Release|Any CPU
		{FB4D6EFE-E3AD-4F6F-AD61-2D5F1729DA23}.Ad-Hoc|ARM.Deploy.0 = Release|Any CPU
		{FB4D6EFE-E3AD-4F6F-AD61-2D5F1729DA23}.Ad-Hoc|iPhone.ActiveCfg = Release|Any CPU
		{FB4D6EFE-E3AD-4F6F-AD61-2D5F1729DA23}.Ad-Hoc|iPhone.Build.0 = Release|Any CPU
		{FB4D6EFE-E3AD-4F6F-AD61-2D5F1729DA23}.Ad-Hoc|iPhone.Deploy.0 = Release|Any CPU
		{FB4D6EFE-E3AD-4F6F-AD61-2D5F1729DA23}.Ad-Hoc|iPhoneSimulator.ActiveCfg = Release|Any CPU
		{FB4D6EFE-E3AD-4F6F-AD61-2D5F1729DA23}.Ad-Hoc|iPhoneSimulator.Build.0 = Release|Any CPU
		{FB4D6EFE-E3AD-4F6F-AD61-2D5F1729DA23}.Ad-Hoc|iPhoneSimulator.Deploy.0 = Release|Any CPU
		{FB4D6EFE-E3AD-4F6F-AD61-2D5F1729DA23}.Ad-Hoc|x64.ActiveCfg = Release|Any CPU
		{FB4D6EFE-E3AD-4F6F-AD61-2D5F1729DA23}.Ad-Hoc|x64.Build.0 = Release|Any CPU
		{FB4D6EFE-E3AD-4F6F-AD61-2D5F1729DA23}.Ad-Hoc|x64.Deploy.0 = Release|Any CPU
		{FB4D6EFE-E3AD-4F6F-AD61-2D5F1729DA23}.Ad-Hoc|x86.ActiveCfg = Release|Any CPU
		{FB4D6EFE-E3AD-4F6F-AD61-2D5F1729DA23}.Ad-Hoc|x86.Build.0 = Release|Any CPU
		{FB4D6EFE-E3AD-4F6F-AD61-2D5F1729DA23}.Ad-Hoc|x86.Deploy.0 = Release|Any CPU
		{FB4D6EFE-E3AD-4F6F-AD61-2D5F1729DA23}.AppStore|Any CPU.ActiveCfg = Release|Any CPU
		{FB4D6EFE-E3AD-4F6F-AD61-2D5F1729DA23}.AppStore|Any CPU.Build.0 = Release|Any CPU
		{FB4D6EFE-E3AD-4F6F-AD61-2D5F1729DA23}.AppStore|Any CPU.Deploy.0 = Release|Any CPU
		{FB4D6EFE-E3AD-4F6F-AD61-2D5F1729DA23}.AppStore|ARM.ActiveCfg = Release|Any CPU
		{FB4D6EFE-E3AD-4F6F-AD61-2D5F1729DA23}.AppStore|ARM.Build.0 = Release|Any CPU
		{FB4D6EFE-E3AD-4F6F-AD61-2D5F1729DA23}.AppStore|ARM.Deploy.0 = Release|Any CPU
		{FB4D6EFE-E3AD-4F6F-AD61-2D5F1729DA23}.AppStore|iPhone.ActiveCfg = Release|Any CPU
		{FB4D6EFE-E3AD-4F6F-AD61-2D5F1729DA23}.AppStore|iPhone.Build.0 = Release|Any CPU
		{FB4D6EFE-E3AD-4F6F-AD61-2D5F1729DA23}.AppStore|iPhone.Deploy.0 = Release|Any CPU
		{FB4D6EFE-E3AD-4F6F-AD61-2D5F1729DA23}.AppStore|iPhoneSimulator.ActiveCfg = Release|Any CPU
		{FB4D6EFE-E3AD-4F6F-AD61-2D5F1729DA23}.AppStore|iPhoneSimulator.Build.0 = Release|Any CPU
		{FB4D6EFE-E3AD-4F6F-AD61-2D5F1729DA23}.AppStore|iPhoneSimulator.Deploy.0 = Release|Any CPU
		{FB4D6EFE-E3AD-4F6F-AD61-2D5F1729DA23}.AppStore|x64.ActiveCfg = Release|Any CPU
		{FB4D6EFE-E3AD-4F6F-AD61-2D5F1729DA23}.AppStore|x64.Build.0 = Release|Any CPU
		{FB4D6EFE-E3AD-4F6F-AD61-2D5F1729DA23}.AppStore|x64.Deploy.0 = Release|Any CPU
		{FB4D6EFE-E3AD-4F6F-AD61-2D5F1729DA23}.AppStore|x86.ActiveCfg = Release|Any CPU
		{FB4D6EFE-E3AD-4F6F-AD61-2D5F1729DA23}.AppStore|x86.Build.0 = Release|Any CPU
		{FB4D6EFE-E3AD-4F6F-AD61-2D5F1729DA23}.AppStore|x86.Deploy.0 = Release|Any CPU
		{FB4D6EFE-E3AD-4F6F-AD61-2D5F1729DA23}.Debug|Any CPU.ActiveCfg = Debug|Any CPU
		{FB4D6EFE-E3AD-4F6F-AD61-2D5F1729DA23}.Debug|Any CPU.Build.0 = Debug|Any CPU
		{FB4D6EFE-E3AD-4F6F-AD61-2D5F1729DA23}.Debug|Any CPU.Deploy.0 = Debug|Any CPU
		{FB4D6EFE-E3AD-4F6F-AD61-2D5F1729DA23}.Debug|ARM.ActiveCfg = Debug|Any CPU
		{FB4D6EFE-E3AD-4F6F-AD61-2D5F1729DA23}.Debug|ARM.Build.0 = Debug|Any CPU
		{FB4D6EFE-E3AD-4F6F-AD61-2D5F1729DA23}.Debug|ARM.Deploy.0 = Debug|Any CPU
		{FB4D6EFE-E3AD-4F6F-AD61-2D5F1729DA23}.Debug|iPhone.ActiveCfg = Debug|Any CPU
		{FB4D6EFE-E3AD-4F6F-AD61-2D5F1729DA23}.Debug|iPhone.Build.0 = Debug|Any CPU
		{FB4D6EFE-E3AD-4F6F-AD61-2D5F1729DA23}.Debug|iPhone.Deploy.0 = Debug|Any CPU
		{FB4D6EFE-E3AD-4F6F-AD61-2D5F1729DA23}.Debug|iPhoneSimulator.ActiveCfg = Debug|Any CPU
		{FB4D6EFE-E3AD-4F6F-AD61-2D5F1729DA23}.Debug|iPhoneSimulator.Build.0 = Debug|Any CPU
		{FB4D6EFE-E3AD-4F6F-AD61-2D5F1729DA23}.Debug|iPhoneSimulator.Deploy.0 = Debug|Any CPU
		{FB4D6EFE-E3AD-4F6F-AD61-2D5F1729DA23}.Debug|x64.ActiveCfg = Debug|Any CPU
		{FB4D6EFE-E3AD-4F6F-AD61-2D5F1729DA23}.Debug|x64.Build.0 = Debug|Any CPU
		{FB4D6EFE-E3AD-4F6F-AD61-2D5F1729DA23}.Debug|x64.Deploy.0 = Debug|Any CPU
		{FB4D6EFE-E3AD-4F6F-AD61-2D5F1729DA23}.Debug|x86.ActiveCfg = Debug|Any CPU
		{FB4D6EFE-E3AD-4F6F-AD61-2D5F1729DA23}.Debug|x86.Build.0 = Debug|Any CPU
		{FB4D6EFE-E3AD-4F6F-AD61-2D5F1729DA23}.Debug|x86.Deploy.0 = Debug|Any CPU
		{FB4D6EFE-E3AD-4F6F-AD61-2D5F1729DA23}.Release|Any CPU.ActiveCfg = Release|Any CPU
		{FB4D6EFE-E3AD-4F6F-AD61-2D5F1729DA23}.Release|Any CPU.Build.0 = Release|Any CPU
		{FB4D6EFE-E3AD-4F6F-AD61-2D5F1729DA23}.Release|Any CPU.Deploy.0 = Release|Any CPU
		{FB4D6EFE-E3AD-4F6F-AD61-2D5F1729DA23}.Release|ARM.ActiveCfg = Release|Any CPU
		{FB4D6EFE-E3AD-4F6F-AD61-2D5F1729DA23}.Release|ARM.Build.0 = Release|Any CPU
		{FB4D6EFE-E3AD-4F6F-AD61-2D5F1729DA23}.Release|ARM.Deploy.0 = Release|Any CPU
		{FB4D6EFE-E3AD-4F6F-AD61-2D5F1729DA23}.Release|iPhone.ActiveCfg = Release|Any CPU
		{FB4D6EFE-E3AD-4F6F-AD61-2D5F1729DA23}.Release|iPhone.Build.0 = Release|Any CPU
		{FB4D6EFE-E3AD-4F6F-AD61-2D5F1729DA23}.Release|iPhone.Deploy.0 = Release|Any CPU
		{FB4D6EFE-E3AD-4F6F-AD61-2D5F1729DA23}.Release|iPhoneSimulator.ActiveCfg = Release|Any CPU
		{FB4D6EFE-E3AD-4F6F-AD61-2D5F1729DA23}.Release|iPhoneSimulator.Build.0 = Release|Any CPU
		{FB4D6EFE-E3AD-4F6F-AD61-2D5F1729DA23}.Release|iPhoneSimulator.Deploy.0 = Release|Any CPU
		{FB4D6EFE-E3AD-4F6F-AD61-2D5F1729DA23}.Release|x64.ActiveCfg = Release|Any CPU
		{FB4D6EFE-E3AD-4F6F-AD61-2D5F1729DA23}.Release|x64.Build.0 = Release|Any CPU
		{FB4D6EFE-E3AD-4F6F-AD61-2D5F1729DA23}.Release|x64.Deploy.0 = Release|Any CPU
		{FB4D6EFE-E3AD-4F6F-AD61-2D5F1729DA23}.Release|x86.ActiveCfg = Release|Any CPU
		{FB4D6EFE-E3AD-4F6F-AD61-2D5F1729DA23}.Release|x86.Build.0 = Release|Any CPU
		{FB4D6EFE-E3AD-4F6F-AD61-2D5F1729DA23}.Release|x86.Deploy.0 = Release|Any CPU
		{5A3C9CAD-2B81-43D2-A854-AEA1C2C313E1}.Ad-Hoc|Any CPU.ActiveCfg = Ad-Hoc|iPhone
		{5A3C9CAD-2B81-43D2-A854-AEA1C2C313E1}.Ad-Hoc|ARM.ActiveCfg = Ad-Hoc|iPhone
		{5A3C9CAD-2B81-43D2-A854-AEA1C2C313E1}.Ad-Hoc|iPhone.ActiveCfg = Ad-Hoc|iPhone
		{5A3C9CAD-2B81-43D2-A854-AEA1C2C313E1}.Ad-Hoc|iPhone.Build.0 = Ad-Hoc|iPhone
		{5A3C9CAD-2B81-43D2-A854-AEA1C2C313E1}.Ad-Hoc|iPhoneSimulator.ActiveCfg = Ad-Hoc|iPhoneSimulator
		{5A3C9CAD-2B81-43D2-A854-AEA1C2C313E1}.Ad-Hoc|iPhoneSimulator.Build.0 = Ad-Hoc|iPhoneSimulator
		{5A3C9CAD-2B81-43D2-A854-AEA1C2C313E1}.Ad-Hoc|x64.ActiveCfg = Ad-Hoc|iPhone
		{5A3C9CAD-2B81-43D2-A854-AEA1C2C313E1}.Ad-Hoc|x86.ActiveCfg = Ad-Hoc|iPhone
		{5A3C9CAD-2B81-43D2-A854-AEA1C2C313E1}.AppStore|Any CPU.ActiveCfg = AppStore|iPhone
		{5A3C9CAD-2B81-43D2-A854-AEA1C2C313E1}.AppStore|ARM.ActiveCfg = AppStore|iPhone
		{5A3C9CAD-2B81-43D2-A854-AEA1C2C313E1}.AppStore|iPhone.ActiveCfg = AppStore|iPhone
		{5A3C9CAD-2B81-43D2-A854-AEA1C2C313E1}.AppStore|iPhone.Build.0 = AppStore|iPhone
		{5A3C9CAD-2B81-43D2-A854-AEA1C2C313E1}.AppStore|iPhoneSimulator.ActiveCfg = AppStore|iPhoneSimulator
		{5A3C9CAD-2B81-43D2-A854-AEA1C2C313E1}.AppStore|iPhoneSimulator.Build.0 = AppStore|iPhoneSimulator
		{5A3C9CAD-2B81-43D2-A854-AEA1C2C313E1}.AppStore|x64.ActiveCfg = AppStore|iPhone
		{5A3C9CAD-2B81-43D2-A854-AEA1C2C313E1}.AppStore|x86.ActiveCfg = AppStore|iPhone
		{5A3C9CAD-2B81-43D2-A854-AEA1C2C313E1}.Debug|Any CPU.ActiveCfg = Debug|iPhoneSimulator
		{5A3C9CAD-2B81-43D2-A854-AEA1C2C313E1}.Debug|Any CPU.Build.0 = Debug|iPhoneSimulator
		{5A3C9CAD-2B81-43D2-A854-AEA1C2C313E1}.Debug|ARM.ActiveCfg = Debug|iPhone
		{5A3C9CAD-2B81-43D2-A854-AEA1C2C313E1}.Debug|iPhone.ActiveCfg = Debug|iPhone
		{5A3C9CAD-2B81-43D2-A854-AEA1C2C313E1}.Debug|iPhone.Build.0 = Debug|iPhone
		{5A3C9CAD-2B81-43D2-A854-AEA1C2C313E1}.Debug|iPhoneSimulator.ActiveCfg = Debug|iPhoneSimulator
		{5A3C9CAD-2B81-43D2-A854-AEA1C2C313E1}.Debug|iPhoneSimulator.Build.0 = Debug|iPhoneSimulator
		{5A3C9CAD-2B81-43D2-A854-AEA1C2C313E1}.Debug|x64.ActiveCfg = Debug|iPhone
		{5A3C9CAD-2B81-43D2-A854-AEA1C2C313E1}.Debug|x86.ActiveCfg = Debug|iPhone
		{5A3C9CAD-2B81-43D2-A854-AEA1C2C313E1}.Release|Any CPU.ActiveCfg = Release|iPhoneSimulator
		{5A3C9CAD-2B81-43D2-A854-AEA1C2C313E1}.Release|Any CPU.Build.0 = Release|iPhoneSimulator
		{5A3C9CAD-2B81-43D2-A854-AEA1C2C313E1}.Release|ARM.ActiveCfg = Release|iPhone
		{5A3C9CAD-2B81-43D2-A854-AEA1C2C313E1}.Release|iPhone.ActiveCfg = Release|iPhone
		{5A3C9CAD-2B81-43D2-A854-AEA1C2C313E1}.Release|iPhone.Build.0 = Release|iPhone
		{5A3C9CAD-2B81-43D2-A854-AEA1C2C313E1}.Release|iPhoneSimulator.ActiveCfg = Release|iPhoneSimulator
		{5A3C9CAD-2B81-43D2-A854-AEA1C2C313E1}.Release|iPhoneSimulator.Build.0 = Release|iPhoneSimulator
		{5A3C9CAD-2B81-43D2-A854-AEA1C2C313E1}.Release|x64.ActiveCfg = Release|iPhone
		{5A3C9CAD-2B81-43D2-A854-AEA1C2C313E1}.Release|x86.ActiveCfg = Release|iPhone
		{5A3C9CAD-2B81-43D2-A854-AEA1C2C313E1}.Release|x86.Build.0 = Release|iPhone
		{2D8FA1C8-2CF8-49D1-A200-592F9EAF242B}.Ad-Hoc|Any CPU.ActiveCfg = Debug|Any CPU
		{2D8FA1C8-2CF8-49D1-A200-592F9EAF242B}.Ad-Hoc|Any CPU.Build.0 = Debug|Any CPU
		{2D8FA1C8-2CF8-49D1-A200-592F9EAF242B}.Ad-Hoc|ARM.ActiveCfg = Debug|Any CPU
		{2D8FA1C8-2CF8-49D1-A200-592F9EAF242B}.Ad-Hoc|ARM.Build.0 = Debug|Any CPU
		{2D8FA1C8-2CF8-49D1-A200-592F9EAF242B}.Ad-Hoc|iPhone.ActiveCfg = Debug|Any CPU
		{2D8FA1C8-2CF8-49D1-A200-592F9EAF242B}.Ad-Hoc|iPhone.Build.0 = Debug|Any CPU
		{2D8FA1C8-2CF8-49D1-A200-592F9EAF242B}.Ad-Hoc|iPhoneSimulator.ActiveCfg = Debug|Any CPU
		{2D8FA1C8-2CF8-49D1-A200-592F9EAF242B}.Ad-Hoc|iPhoneSimulator.Build.0 = Debug|Any CPU
		{2D8FA1C8-2CF8-49D1-A200-592F9EAF242B}.Ad-Hoc|x64.ActiveCfg = Debug|Any CPU
		{2D8FA1C8-2CF8-49D1-A200-592F9EAF242B}.Ad-Hoc|x64.Build.0 = Debug|Any CPU
		{2D8FA1C8-2CF8-49D1-A200-592F9EAF242B}.Ad-Hoc|x86.ActiveCfg = Debug|Any CPU
		{2D8FA1C8-2CF8-49D1-A200-592F9EAF242B}.Ad-Hoc|x86.Build.0 = Debug|Any CPU
		{2D8FA1C8-2CF8-49D1-A200-592F9EAF242B}.AppStore|Any CPU.ActiveCfg = Debug|Any CPU
		{2D8FA1C8-2CF8-49D1-A200-592F9EAF242B}.AppStore|Any CPU.Build.0 = Debug|Any CPU
		{2D8FA1C8-2CF8-49D1-A200-592F9EAF242B}.AppStore|ARM.ActiveCfg = Debug|Any CPU
		{2D8FA1C8-2CF8-49D1-A200-592F9EAF242B}.AppStore|ARM.Build.0 = Debug|Any CPU
		{2D8FA1C8-2CF8-49D1-A200-592F9EAF242B}.AppStore|iPhone.ActiveCfg = Debug|Any CPU
		{2D8FA1C8-2CF8-49D1-A200-592F9EAF242B}.AppStore|iPhone.Build.0 = Debug|Any CPU
		{2D8FA1C8-2CF8-49D1-A200-592F9EAF242B}.AppStore|iPhoneSimulator.ActiveCfg = Debug|Any CPU
		{2D8FA1C8-2CF8-49D1-A200-592F9EAF242B}.AppStore|iPhoneSimulator.Build.0 = Debug|Any CPU
		{2D8FA1C8-2CF8-49D1-A200-592F9EAF242B}.AppStore|x64.ActiveCfg = Debug|Any CPU
		{2D8FA1C8-2CF8-49D1-A200-592F9EAF242B}.AppStore|x64.Build.0 = Debug|Any CPU
		{2D8FA1C8-2CF8-49D1-A200-592F9EAF242B}.AppStore|x86.ActiveCfg = Debug|Any CPU
		{2D8FA1C8-2CF8-49D1-A200-592F9EAF242B}.AppStore|x86.Build.0 = Debug|Any CPU
		{2D8FA1C8-2CF8-49D1-A200-592F9EAF242B}.Debug|Any CPU.ActiveCfg = Debug|Any CPU
		{2D8FA1C8-2CF8-49D1-A200-592F9EAF242B}.Debug|Any CPU.Build.0 = Debug|Any CPU
		{2D8FA1C8-2CF8-49D1-A200-592F9EAF242B}.Debug|ARM.ActiveCfg = Debug|Any CPU
		{2D8FA1C8-2CF8-49D1-A200-592F9EAF242B}.Debug|ARM.Build.0 = Debug|Any CPU
		{2D8FA1C8-2CF8-49D1-A200-592F9EAF242B}.Debug|iPhone.ActiveCfg = Debug|Any CPU
		{2D8FA1C8-2CF8-49D1-A200-592F9EAF242B}.Debug|iPhone.Build.0 = Debug|Any CPU
		{2D8FA1C8-2CF8-49D1-A200-592F9EAF242B}.Debug|iPhoneSimulator.ActiveCfg = Debug|Any CPU
		{2D8FA1C8-2CF8-49D1-A200-592F9EAF242B}.Debug|iPhoneSimulator.Build.0 = Debug|Any CPU
		{2D8FA1C8-2CF8-49D1-A200-592F9EAF242B}.Debug|x64.ActiveCfg = Debug|Any CPU
		{2D8FA1C8-2CF8-49D1-A200-592F9EAF242B}.Debug|x64.Build.0 = Debug|Any CPU
		{2D8FA1C8-2CF8-49D1-A200-592F9EAF242B}.Debug|x86.ActiveCfg = Debug|Any CPU
		{2D8FA1C8-2CF8-49D1-A200-592F9EAF242B}.Debug|x86.Build.0 = Debug|Any CPU
		{2D8FA1C8-2CF8-49D1-A200-592F9EAF242B}.Release|Any CPU.ActiveCfg = Release|Any CPU
		{2D8FA1C8-2CF8-49D1-A200-592F9EAF242B}.Release|Any CPU.Build.0 = Release|Any CPU
		{2D8FA1C8-2CF8-49D1-A200-592F9EAF242B}.Release|ARM.ActiveCfg = Release|Any CPU
		{2D8FA1C8-2CF8-49D1-A200-592F9EAF242B}.Release|ARM.Build.0 = Release|Any CPU
		{2D8FA1C8-2CF8-49D1-A200-592F9EAF242B}.Release|iPhone.ActiveCfg = Release|Any CPU
		{2D8FA1C8-2CF8-49D1-A200-592F9EAF242B}.Release|iPhone.Build.0 = Release|Any CPU
		{2D8FA1C8-2CF8-49D1-A200-592F9EAF242B}.Release|iPhoneSimulator.ActiveCfg = Release|Any CPU
		{2D8FA1C8-2CF8-49D1-A200-592F9EAF242B}.Release|iPhoneSimulator.Build.0 = Release|Any CPU
		{2D8FA1C8-2CF8-49D1-A200-592F9EAF242B}.Release|x64.ActiveCfg = Release|Any CPU
		{2D8FA1C8-2CF8-49D1-A200-592F9EAF242B}.Release|x64.Build.0 = Release|Any CPU
		{2D8FA1C8-2CF8-49D1-A200-592F9EAF242B}.Release|x86.ActiveCfg = Release|Any CPU
		{2D8FA1C8-2CF8-49D1-A200-592F9EAF242B}.Release|x86.Build.0 = Release|Any CPU
		{F36F10DA-8C69-4A8A-A841-E97CC11E9BD9}.Ad-Hoc|Any CPU.ActiveCfg = Release|x86
		{F36F10DA-8C69-4A8A-A841-E97CC11E9BD9}.Ad-Hoc|Any CPU.Build.0 = Release|x86
		{F36F10DA-8C69-4A8A-A841-E97CC11E9BD9}.Ad-Hoc|Any CPU.Deploy.0 = Release|x86
		{F36F10DA-8C69-4A8A-A841-E97CC11E9BD9}.Ad-Hoc|ARM.ActiveCfg = Release|ARM
		{F36F10DA-8C69-4A8A-A841-E97CC11E9BD9}.Ad-Hoc|ARM.Build.0 = Release|ARM
		{F36F10DA-8C69-4A8A-A841-E97CC11E9BD9}.Ad-Hoc|ARM.Deploy.0 = Release|ARM
		{F36F10DA-8C69-4A8A-A841-E97CC11E9BD9}.Ad-Hoc|iPhone.ActiveCfg = Release|x86
		{F36F10DA-8C69-4A8A-A841-E97CC11E9BD9}.Ad-Hoc|iPhone.Build.0 = Release|x86
		{F36F10DA-8C69-4A8A-A841-E97CC11E9BD9}.Ad-Hoc|iPhone.Deploy.0 = Release|x86
		{F36F10DA-8C69-4A8A-A841-E97CC11E9BD9}.Ad-Hoc|iPhoneSimulator.ActiveCfg = Release|x86
		{F36F10DA-8C69-4A8A-A841-E97CC11E9BD9}.Ad-Hoc|iPhoneSimulator.Build.0 = Release|x86
		{F36F10DA-8C69-4A8A-A841-E97CC11E9BD9}.Ad-Hoc|iPhoneSimulator.Deploy.0 = Release|x86
		{F36F10DA-8C69-4A8A-A841-E97CC11E9BD9}.Ad-Hoc|x64.ActiveCfg = Release|x64
		{F36F10DA-8C69-4A8A-A841-E97CC11E9BD9}.Ad-Hoc|x64.Build.0 = Release|x64
		{F36F10DA-8C69-4A8A-A841-E97CC11E9BD9}.Ad-Hoc|x64.Deploy.0 = Release|x64
		{F36F10DA-8C69-4A8A-A841-E97CC11E9BD9}.Ad-Hoc|x86.ActiveCfg = Release|x86
		{F36F10DA-8C69-4A8A-A841-E97CC11E9BD9}.Ad-Hoc|x86.Build.0 = Release|x86
		{F36F10DA-8C69-4A8A-A841-E97CC11E9BD9}.Ad-Hoc|x86.Deploy.0 = Release|x86
		{F36F10DA-8C69-4A8A-A841-E97CC11E9BD9}.AppStore|Any CPU.ActiveCfg = Release|x86
		{F36F10DA-8C69-4A8A-A841-E97CC11E9BD9}.AppStore|Any CPU.Build.0 = Release|x86
		{F36F10DA-8C69-4A8A-A841-E97CC11E9BD9}.AppStore|Any CPU.Deploy.0 = Release|x86
		{F36F10DA-8C69-4A8A-A841-E97CC11E9BD9}.AppStore|ARM.ActiveCfg = Release|ARM
		{F36F10DA-8C69-4A8A-A841-E97CC11E9BD9}.AppStore|ARM.Build.0 = Release|ARM
		{F36F10DA-8C69-4A8A-A841-E97CC11E9BD9}.AppStore|ARM.Deploy.0 = Release|ARM
		{F36F10DA-8C69-4A8A-A841-E97CC11E9BD9}.AppStore|iPhone.ActiveCfg = Release|x86
		{F36F10DA-8C69-4A8A-A841-E97CC11E9BD9}.AppStore|iPhone.Build.0 = Release|x86
		{F36F10DA-8C69-4A8A-A841-E97CC11E9BD9}.AppStore|iPhone.Deploy.0 = Release|x86
		{F36F10DA-8C69-4A8A-A841-E97CC11E9BD9}.AppStore|iPhoneSimulator.ActiveCfg = Release|x86
		{F36F10DA-8C69-4A8A-A841-E97CC11E9BD9}.AppStore|iPhoneSimulator.Build.0 = Release|x86
		{F36F10DA-8C69-4A8A-A841-E97CC11E9BD9}.AppStore|iPhoneSimulator.Deploy.0 = Release|x86
		{F36F10DA-8C69-4A8A-A841-E97CC11E9BD9}.AppStore|x64.ActiveCfg = Release|x64
		{F36F10DA-8C69-4A8A-A841-E97CC11E9BD9}.AppStore|x64.Build.0 = Release|x64
		{F36F10DA-8C69-4A8A-A841-E97CC11E9BD9}.AppStore|x64.Deploy.0 = Release|x64
		{F36F10DA-8C69-4A8A-A841-E97CC11E9BD9}.AppStore|x86.ActiveCfg = Release|x86
		{F36F10DA-8C69-4A8A-A841-E97CC11E9BD9}.AppStore|x86.Build.0 = Release|x86
		{F36F10DA-8C69-4A8A-A841-E97CC11E9BD9}.AppStore|x86.Deploy.0 = Release|x86
		{F36F10DA-8C69-4A8A-A841-E97CC11E9BD9}.Debug|Any CPU.ActiveCfg = Debug|x86
		{F36F10DA-8C69-4A8A-A841-E97CC11E9BD9}.Debug|Any CPU.Build.0 = Debug|x86
		{F36F10DA-8C69-4A8A-A841-E97CC11E9BD9}.Debug|Any CPU.Deploy.0 = Debug|x86
		{F36F10DA-8C69-4A8A-A841-E97CC11E9BD9}.Debug|ARM.ActiveCfg = Debug|ARM
		{F36F10DA-8C69-4A8A-A841-E97CC11E9BD9}.Debug|ARM.Build.0 = Debug|ARM
		{F36F10DA-8C69-4A8A-A841-E97CC11E9BD9}.Debug|ARM.Deploy.0 = Debug|ARM
		{F36F10DA-8C69-4A8A-A841-E97CC11E9BD9}.Debug|iPhone.ActiveCfg = Debug|x86
		{F36F10DA-8C69-4A8A-A841-E97CC11E9BD9}.Debug|iPhoneSimulator.ActiveCfg = Debug|x86
		{F36F10DA-8C69-4A8A-A841-E97CC11E9BD9}.Debug|x64.ActiveCfg = Debug|x64
		{F36F10DA-8C69-4A8A-A841-E97CC11E9BD9}.Debug|x64.Build.0 = Debug|x64
		{F36F10DA-8C69-4A8A-A841-E97CC11E9BD9}.Debug|x64.Deploy.0 = Debug|x64
		{F36F10DA-8C69-4A8A-A841-E97CC11E9BD9}.Debug|x86.ActiveCfg = Debug|x86
		{F36F10DA-8C69-4A8A-A841-E97CC11E9BD9}.Debug|x86.Build.0 = Debug|x86
		{F36F10DA-8C69-4A8A-A841-E97CC11E9BD9}.Debug|x86.Deploy.0 = Debug|x86
		{F36F10DA-8C69-4A8A-A841-E97CC11E9BD9}.Release|Any CPU.ActiveCfg = Release|x86
		{F36F10DA-8C69-4A8A-A841-E97CC11E9BD9}.Release|ARM.ActiveCfg = Release|ARM
		{F36F10DA-8C69-4A8A-A841-E97CC11E9BD9}.Release|ARM.Build.0 = Release|ARM
		{F36F10DA-8C69-4A8A-A841-E97CC11E9BD9}.Release|ARM.Deploy.0 = Release|ARM
		{F36F10DA-8C69-4A8A-A841-E97CC11E9BD9}.Release|iPhone.ActiveCfg = Release|x86
		{F36F10DA-8C69-4A8A-A841-E97CC11E9BD9}.Release|iPhoneSimulator.ActiveCfg = Release|x86
		{F36F10DA-8C69-4A8A-A841-E97CC11E9BD9}.Release|x64.ActiveCfg = Release|x64
		{F36F10DA-8C69-4A8A-A841-E97CC11E9BD9}.Release|x64.Build.0 = Release|x64
		{F36F10DA-8C69-4A8A-A841-E97CC11E9BD9}.Release|x64.Deploy.0 = Release|x64
		{F36F10DA-8C69-4A8A-A841-E97CC11E9BD9}.Release|x86.ActiveCfg = Release|x86
		{F36F10DA-8C69-4A8A-A841-E97CC11E9BD9}.Release|x86.Build.0 = Release|x86
		{F36F10DA-8C69-4A8A-A841-E97CC11E9BD9}.Release|x86.Deploy.0 = Release|x86
	EndGlobalSection
	GlobalSection(SolutionProperties) = preSolution
		HideSolutionNode = FALSE
	EndGlobalSection
	GlobalSection(ExtensibilityGlobals) = postSolution
		SolutionGuid = {B48DFBAC-2BEE-445B-AB49-2DB53530436B}
	EndGlobalSection
EndGlobal
